
Microsoft Visual Studio Solution File, Format Version 12.00
# Visual Studio 2012
Project("{FAE04EC0-301F-11D3-BF4B-00C04F79EFBC}") = "NavigationRoutes", "NavigationRoutes\NavigationRoutes.csproj", "{99C9DF7C-04F4-426C-AEE2-3456B80429E3}"
EndProject
Project("{FAE04EC0-301F-11D3-BF4B-00C04F79EFBC}") = "UnitTests", "UnitTests\UnitTests.csproj", "{1DE24F82-FA0F-410E-BEEA-C9F8A5C87D44}"
EndProject
Project("{2150E333-8FDC-42A3-9474-1A3956D46DE8}") = ".nuget", ".nuget", "{D945762A-8C74-4DF4-85B5-66D7E38C6767}"
	ProjectSection(SolutionItems) = preProject
		.nuget\NuGet.Config = .nuget\NuGet.Config
		.nuget\NuGet.exe = .nuget\NuGet.exe
		.nuget\NuGet.targets = .nuget\NuGet.targets
	EndProjectSection
EndProject
Global
	GlobalSection(SolutionConfigurationPlatforms) = preSolution
		Debug|Any CPU = Debug|Any CPU
		Release|Any CPU = Release|Any CPU
	EndGlobalSection
	GlobalSection(ProjectConfigurationPlatforms) = postSolution
		{99C9DF7C-04F4-426C-AEE2-3456B80429E3}.Debug|Any CPU.ActiveCfg = Debug|Any CPU
		{99C9DF7C-04F4-426C-AEE2-3456B80429E3}.Debug|Any CPU.Build.0 = Debug|Any CPU
		{99C9DF7C-04F4-426C-AEE2-3456B80429E3}.Release|Any CPU.ActiveCfg = Release|Any CPU
		{99C9DF7C-04F4-426C-AEE2-3456B80429E3}.Release|Any CPU.Build.0 = Release|Any CPU
		{1DE24F82-FA0F-410E-BEEA-C9F8A5C87D44}.Debug|Any CPU.ActiveCfg = Debug|Any CPU
		{1DE24F82-FA0F-410E-BEEA-C9F8A5C87D44}.Debug|Any CPU.Build.0 = Debug|Any CPU
		{1DE24F82-FA0F-410E-BEEA-C9F8A5C87D44}.Release|Any CPU.ActiveCfg = Release|Any CPU
		{1DE24F82-FA0F-410E-BEEA-C9F8A5C87D44}.Release|Any CPU.Build.0 = Release|Any CPU
	EndGlobalSection
	GlobalSection(SolutionProperties) = preSolution
		HideSolutionNode = FALSE
	EndGlobalSection
EndGlobal
